---
http_interactions:
- request:
    method: post
    uri: https://tardis-scheduler.herokuapp.com/api/v1/schedule_blocks
    body:
      encoding: US-ASCII
      string: ''
    headers:
      User-Agent:
      - Faraday v0.8.9
      Authorization:
      - Bearer 8b72f98c4b838abeeb3bedd5f06db3e2486cc0e0506fb9f588c6b97fec1d0514
  response:
    status:
      code: 201
      message: 
    headers:
      server:
      - Cowboy
      connection:
      - close
      date:
      - Sun, 26 Apr 2015 22:22:45 GMT
      status:
      - 201 Created
      content-type:
      - application/json
      content-length:
      - '35'
      etag:
      - W/"aab4b4173efde85521e531e7f494a6e8"
      cache-control:
      - max-age=0, private, must-revalidate
      x-request-id:
      - 79fc1e6f-5a3a-4de6-b924-a511d7276a3c
      x-runtime:
      - '0.014181'
      via:
      - 1.1 vegur
    body:
      encoding: UTF-8
      string: '"Schedule Block could not be saved"'
    http_version: 
  recorded_at: Sun, 26 Apr 2015 22:22:51 GMT
recorded_with: VCR 2.9.3
