---
http_interactions:
- request:
    method: post
    uri: https://tardis-scheduler.herokuapp.com/api/v1/schedule_blocks
    body:
      encoding: US-ASCII
      string: ''
    headers:
      User-Agent:
      - Faraday v0.8.9
      Authorization:
      - Bearer 1e4b389bcfee65c65240e4714dc5d73911150b2a4ea3d5d502ec9cb39cc589cc
  response:
    status:
      code: 201
      message: 
    headers:
      server:
      - Cowboy
      connection:
      - close
      date:
      - Wed, 22 Apr 2015 03:19:19 GMT
      status:
      - 201 Created
      content-type:
      - application/json
      content-length:
      - '16'
      etag:
      - W/"bd0cd54815b58aae43c51d98b24d962f"
      cache-control:
      - max-age=0, private, must-revalidate
      x-request-id:
      - cfc30ef0-c85b-4152-bff3-ffbe86bf18c9
      x-runtime:
      - '0.656432'
      via:
      - 1.1 vegur
    body:
      encoding: UTF-8
      string: '"Error!!!!!!!!!"'
    http_version: 
  recorded_at: Wed, 22 Apr 2015 03:19:19 GMT
recorded_with: VCR 2.9.3
