---
http_interactions:
- request:
    method: get
    uri: https://tardis-scheduler.herokuapp.com/api/v1/schedule_blocks/1/appointments
    body:
      encoding: US-ASCII
      string: ''
    headers:
      User-Agent:
      - Faraday v0.8.9
      Authorization:
      - Bearer 1d1a5842da691849fde401ab2cd8d03bdb37c9db0254ad26a5ed830dd0b8ab5c
  response:
    status:
      code: 200
      message: 
    headers:
      server:
      - Cowboy
      connection:
      - close
      date:
      - Sun, 26 Apr 2015 21:45:29 GMT
      status:
      - 200 OK
      content-type:
      - application/json
      content-length:
      - '573'
      etag:
      - W/"4327b9e8196cd3e52eba4628326f159d"
      cache-control:
      - max-age=0, private, must-revalidate
      x-request-id:
      - d18c36aa-b22a-452a-9416-4210a1eb9132
      x-runtime:
      - '0.067506'
      via:
      - 1.1 vegur
    body:
      encoding: UTF-8
      string: '[{"schedule_block_id":1,"id":1,"attendee":1,"status":"pending","created_at":"2015-04-26T21:34:14.593Z","updated_at":"2015-04-26T21:34:14.593Z"},{"schedule_block_id":1,"id":2,"attendee":2,"status":"pending","created_at":"2015-04-26T21:34:14.614Z","updated_at":"2015-04-26T21:34:14.614Z"},{"schedule_block_id":1,"id":3,"attendee":3,"status":"pending","created_at":"2015-04-26T21:34:14.630Z","updated_at":"2015-04-26T21:34:14.630Z"},{"schedule_block_id":1,"id":4,"attendee":1,"status":"pending","created_at":"2015-04-26T21:34:14.644Z","updated_at":"2015-04-26T21:34:14.644Z"}]'
    http_version: 
  recorded_at: Sun, 26 Apr 2015 21:45:29 GMT
recorded_with: VCR 2.9.3
