---
http_interactions:
- request:
    method: get
    uri: https://tardis-scheduler.herokuapp.com/api/v1/schedule_blocks/1
    body:
      encoding: US-ASCII
      string: ''
    headers:
      User-Agent:
      - Faraday v0.8.9
      Authorization:
      - Bearer 8b72f98c4b838abeeb3bedd5f06db3e2486cc0e0506fb9f588c6b97fec1d0514
  response:
    status:
      code: 200
      message: 
    headers:
      server:
      - Cowboy
      connection:
      - close
      date:
      - Sun, 26 Apr 2015 22:22:45 GMT
      status:
      - 200 OK
      content-type:
      - application/json
      content-length:
      - '279'
      etag:
      - W/"865feee91ce910b7ca54d47639e9ccb8"
      cache-control:
      - max-age=0, private, must-revalidate
      x-request-id:
      - 01a9fa5f-21ce-4f39-a3db-7b5a8d4a38d7
      x-runtime:
      - '0.007463'
      via:
      - 1.1 vegur
    body:
      encoding: UTF-8
      string: '{"id":1,"host_id":1,"event_id":1,"location_id":1,"start_time":"2015-04-23T17:35:08.000Z","end_time":"2015-04-23T19:35:08.000Z","reservation_min":1,"reservation_max":10,"status":"open","created_at":"2015-04-26T21:06:29.045Z","updated_at":"2015-04-26T21:06:29.045Z","user_id":null}'
    http_version: 
  recorded_at: Sun, 26 Apr 2015 22:22:50 GMT
recorded_with: VCR 2.9.3
