---
http_interactions:
- request:
    method: get
    uri: https://tardis-scheduler.herokuapp.com/api/v1/schedule_blocks/2
    body:
      encoding: US-ASCII
      string: ''
    headers:
      User-Agent:
      - Faraday v0.8.9
      Authorization:
      - Bearer eb4debab00736f3d3c7f0da7a33f55984b35d80e410ab5e6503da9a6eda209c3
  response:
    status:
      code: 200
      message: 
    headers:
      server:
      - Cowboy
      connection:
      - close
      date:
      - Sun, 26 Apr 2015 20:31:02 GMT
      status:
      - 200 OK
      content-type:
      - application/json
      content-length:
      - '278'
      etag:
      - W/"1e8a96b6e202bc71d65515d115a7708e"
      cache-control:
      - max-age=0, private, must-revalidate
      x-request-id:
      - 0a458266-d559-438f-bcf3-bee0fc89aac1
      x-runtime:
      - '0.030951'
      via:
      - 1.1 vegur
    body:
      encoding: UTF-8
      string: '{"id":2,"host_id":1,"event_id":1,"location_id":1,"start_time":"2016-02-03T10:00:00.000Z","end_time":"2016-02-03T11:00:00.000Z","reservation_min":1,"reservation_max":4,"status":"full","created_at":"2015-04-10T00:41:59.188Z","updated_at":"2015-04-10T00:41:59.188Z","user_id":null}'
    http_version: 
  recorded_at: Sun, 26 Apr 2015 20:31:02 GMT
recorded_with: VCR 2.9.3
